
Microsoft Visual Studio Solution File, Format Version 12.00
# Visual Studio 15
VisualStudioVersion = 15.0.28010.2026
MinimumVisualStudioVersion = 10.0.40219.1
Project("{FAE04EC0-301F-11D3-BF4B-00C04F79EFBC}") = "zooOP", "zooOP\zooOP.csproj", "{84FF9813-BC6D-4923-8A6A-CDE047BCEDEB}"
EndProject
Global
	GlobalSection(SolutionConfigurationPlatforms) = preSolution
		Debug|Any CPU = Debug|Any CPU
		Release|Any CPU = Release|Any CPU
	EndGlobalSection
	GlobalSection(ProjectConfigurationPlatforms) = postSolution
		{84FF9813-BC6D-4923-8A6A-CDE047BCEDEB}.Debug|Any CPU.ActiveCfg = Debug|Any CPU
		{84FF9813-BC6D-4923-8A6A-CDE047BCEDEB}.Debug|Any CPU.Build.0 = Debug|Any CPU
		{84FF9813-BC6D-4923-8A6A-CDE047BCEDEB}.Release|Any CPU.ActiveCfg = Release|Any CPU
		{84FF9813-BC6D-4923-8A6A-CDE047BCEDEB}.Release|Any CPU.Build.0 = Release|Any CPU
	EndGlobalSection
	GlobalSection(SolutionProperties) = preSolution
		HideSolutionNode = FALSE
	EndGlobalSection
	GlobalSection(ExtensibilityGlobals) = postSolution
		SolutionGuid = {0B3424BB-4F6A-47DF-8492-9B0A9974205E}
	EndGlobalSection
EndGlobal
